
Microsoft Visual Studio Solution File, Format Version 12.00
# Visual Studio Version 17
VisualStudioVersion = 17.0.31903.59
MinimumVisualStudioVersion = 10.0.40219.1
Project("{FAE04EC0-301F-11D3-BF4B-00C04F79EFBC}") = "ZooService.Model.Animals", "ZooService.Model.Animals\ZooService.Model.Animals.csproj", "{A97A3377-F8C7-43BC-A0F8-03284B7C8012}"
EndProject
Project("{FAE04EC0-301F-11D3-BF4B-00C04F79EFBC}") = "ZooService.AnimalsApi", "ZooService.AnimalsApi\ZooService.AnimalsApi.csproj", "{BF0A591A-6B5A-4442-A920-D19BE8672655}"
EndProject
Project("{FAE04EC0-301F-11D3-BF4B-00C04F79EFBC}") = "ZooService.Tests", "ZooService.Tests\ZooService.Tests.csproj", "{EAEB981D-4A15-4D4D-BA6B-F0F5A08C4982}"
EndProject
Project("{FAE04EC0-301F-11D3-BF4B-00C04F79EFBC}") = "ZooService.Model.Zoo", "ZooService.Zoo\ZooService.Model.Zoo.csproj", "{4EB7A5FD-97D6-4FA1-A4A7-EC4F9156AB1D}"
EndProject
Project("{FAE04EC0-301F-11D3-BF4B-00C04F79EFBC}") = "ZooService.ZoosApi", "ZooService.ZoosApi\ZooService.ZoosApi.csproj", "{7CC018C6-30C7-4808-833A-8E7C63C0E577}"
EndProject
Global
	GlobalSection(SolutionConfigurationPlatforms) = preSolution
		Debug|Any CPU = Debug|Any CPU
		Release|Any CPU = Release|Any CPU
	EndGlobalSection
	GlobalSection(ProjectConfigurationPlatforms) = postSolution
		{A97A3377-F8C7-43BC-A0F8-03284B7C8012}.Debug|Any CPU.ActiveCfg = Debug|Any CPU
		{A97A3377-F8C7-43BC-A0F8-03284B7C8012}.Debug|Any CPU.Build.0 = Debug|Any CPU
		{A97A3377-F8C7-43BC-A0F8-03284B7C8012}.Release|Any CPU.ActiveCfg = Release|Any CPU
		{A97A3377-F8C7-43BC-A0F8-03284B7C8012}.Release|Any CPU.Build.0 = Release|Any CPU
		{BF0A591A-6B5A-4442-A920-D19BE8672655}.Debug|Any CPU.ActiveCfg = Debug|Any CPU
		{BF0A591A-6B5A-4442-A920-D19BE8672655}.Debug|Any CPU.Build.0 = Debug|Any CPU
		{BF0A591A-6B5A-4442-A920-D19BE8672655}.Release|Any CPU.ActiveCfg = Release|Any CPU
		{BF0A591A-6B5A-4442-A920-D19BE8672655}.Release|Any CPU.Build.0 = Release|Any CPU
		{EAEB981D-4A15-4D4D-BA6B-F0F5A08C4982}.Debug|Any CPU.ActiveCfg = Debug|Any CPU
		{EAEB981D-4A15-4D4D-BA6B-F0F5A08C4982}.Debug|Any CPU.Build.0 = Debug|Any CPU
		{EAEB981D-4A15-4D4D-BA6B-F0F5A08C4982}.Release|Any CPU.ActiveCfg = Release|Any CPU
		{EAEB981D-4A15-4D4D-BA6B-F0F5A08C4982}.Release|Any CPU.Build.0 = Release|Any CPU
		{4EB7A5FD-97D6-4FA1-A4A7-EC4F9156AB1D}.Debug|Any CPU.ActiveCfg = Debug|Any CPU
		{4EB7A5FD-97D6-4FA1-A4A7-EC4F9156AB1D}.Debug|Any CPU.Build.0 = Debug|Any CPU
		{4EB7A5FD-97D6-4FA1-A4A7-EC4F9156AB1D}.Release|Any CPU.ActiveCfg = Release|Any CPU
		{4EB7A5FD-97D6-4FA1-A4A7-EC4F9156AB1D}.Release|Any CPU.Build.0 = Release|Any CPU
		{7CC018C6-30C7-4808-833A-8E7C63C0E577}.Debug|Any CPU.ActiveCfg = Debug|Any CPU
		{7CC018C6-30C7-4808-833A-8E7C63C0E577}.Debug|Any CPU.Build.0 = Debug|Any CPU
		{7CC018C6-30C7-4808-833A-8E7C63C0E577}.Release|Any CPU.ActiveCfg = Release|Any CPU
		{7CC018C6-30C7-4808-833A-8E7C63C0E577}.Release|Any CPU.Build.0 = Release|Any CPU
	EndGlobalSection
	GlobalSection(SolutionProperties) = preSolution
		HideSolutionNode = FALSE
	EndGlobalSection
EndGlobal
